// !$*UTF8*$!
{
	archiveVersion = 1;
	classes = {
	};
	objectVersion = 48;
	objects = {

/* Begin PBXBuildFile section */
		313E20E1230CFDC600935029 /* AppDelegate.swift in Sources */ = {isa = PBXBuildFile; fileRef = 313E20E0230CFDC600935029 /* AppDelegate.swift */; };
		313E20E3230CFDC600935029 /* ViewController.swift in Sources */ = {isa = PBXBuildFile; fileRef = 313E20E2230CFDC600935029 /* ViewController.swift */; };
		313E20E6230CFDC600935029 /* Main.storyboard in Resources */ = {isa = PBXBuildFile; fileRef = 313E20E4230CFDC600935029 /* Main.storyboard */; };
		313E20E8230CFDC600935029 /* Assets.xcassets in Resources */ = {isa = PBXBuildFile; fileRef = 313E20E7230CFDC600935029 /* Assets.xcassets */; };
		313E20EB230CFDC600935029 /* LaunchScreen.storyboard in Resources */ = {isa = PBXBuildFile; fileRef = 313E20E9230CFDC600935029 /* LaunchScreen.storyboard */; };
		313E20F6230CFDC600935029 /* SetsTests.swift in Sources */ = {isa = PBXBuildFile; fileRef = 313E20F5230CFDC600935029 /* SetsTests.swift */; };
		313E2101230CFDC600935029 /* SetsUITests.swift in Sources */ = {isa = PBXBuildFile; fileRef = 313E2100230CFDC600935029 /* SetsUITests.swift */; };
/* End PBXBuildFile section */

/* Begin PBXContainerItemProxy section */
		313E20F2230CFDC600935029 /* PBXContainerItemProxy */ = {
			isa = PBXContainerItemProxy;
			containerPortal = 313E20D5230CFDC600935029 /* Project object */;
			proxyType = 1;
			remoteGlobalIDString = 313E20DC230CFDC600935029;
			remoteInfo = Sets;
		};
		313E20FD230CFDC600935029 /* PBXContainerItemProxy */ = {
			isa = PBXContainerItemProxy;
			containerPortal = 313E20D5230CFDC600935029 /* Project object */;
			proxyType = 1;
			remoteGlobalIDString = 313E20DC230CFDC600935029;
			remoteInfo = Sets;
		};
/* End PBXContainerItemProxy section */

/* Begin PBXFileReference section */
		313E20DD230CFDC600935029 /* Sets.app */ = {isa = PBXFileReference; explicitFileType = wrapper.application; includeInIndex = 0; path = Sets.app; sourceTree = BUILT_PRODUCTS_DIR; };
		313E20E0230CFDC600935029 /* AppDelegate.swift */ = {isa = PBXFileReference; lastKnownFileType = sourcecode.swift; path = AppDelegate.swift; sourceTree = "<group>"; };
		313E20E2230CFDC600935029 /* ViewController.swift */ = {isa = PBXFileReference; lastKnownFileType = sourcecode.swift; path = ViewController.swift; sourceTree = "<group>"; };
		313E20E5230CFDC600935029 /* Base */ = {isa = PBXFileReference; lastKnownFileType = file.storyboard; name = Base; path = Base.lproj/Main.storyboard; sourceTree = "<group>"; };
		313E20E7230CFDC600935029 /* Assets.xcassets */ = {isa = PBXFileReference; lastKnownFileType = folder.assetcatalog; path = Assets.xcassets; sourceTree = "<group>"; };
		313E20EA230CFDC600935029 /* Base */ = {isa = PBXFileReference; lastKnownFileType = file.storyboard; name = Base; path = Base.lproj/LaunchScreen.storyboard; sourceTree = "<group>"; };
		313E20EC230CFDC600935029 /* Info.plist */ = {isa = PBXFileReference; lastKnownFileType = text.plist.xml; path = Info.plist; sourceTree = "<group>"; };
		313E20F1230CFDC600935029 /* SetsTests.xctest */ = {isa = PBXFileReference; explicitFileType = wrapper.cfbundle; includeInIndex = 0; path = SetsTests.xctest; sourceTree = BUILT_PRODUCTS_DIR; };
		313E20F5230CFDC600935029 /* SetsTests.swift */ = {isa = PBXFileReference; lastKnownFileType = sourcecode.swift; path = SetsTests.swift; sourceTree = "<group>"; };
		313E20F7230CFDC600935029 /* Info.plist */ = {isa = PBXFileReference; lastKnownFileType = text.plist.xml; path = Info.plist; sourceTree = "<group>"; };
		313E20FC230CFDC600935029 /* SetsUITests.xctest */ = {isa = PBXFileReference; explicitFileType = wrapper.cfbundle; includeInIndex = 0; path = SetsUITests.xctest; sourceTree = BUILT_PRODUCTS_DIR; };
		313E2100230CFDC600935029 /* SetsUITests.swift */ = {isa = PBXFileReference; lastKnownFileType = sourcecode.swift; path = SetsUITests.swift; sourceTree = "<group>"; };
		313E2102230CFDC600935029 /* Info.plist */ = {isa = PBXFileReference; lastKnownFileType = text.plist.xml; path = Info.plist; sourceTree = "<group>"; };
/* End PBXFileReference section */

/* Begin PBXFrameworksBuildPhase section */
		313E20DA230CFDC600935029 /* Frameworks */ = {
			isa = PBXFrameworksBuildPhase;
			buildActionMask = 2147483647;
			files = (
			);
			runOnlyForDeploymentPostprocessing = 0;
		};
		313E20EE230CFDC600935029 /* Frameworks */ = {
			isa = PBXFrameworksBuildPhase;
			buildActionMask = 2147483647;
			files = (
			);
			runOnlyForDeploymentPostprocessing = 0;
		};
		313E20F9230CFDC600935029 /* Frameworks */ = {
			isa = PBXFrameworksBuildPhase;
			buildActionMask = 2147483647;
			files = (
			);
			runOnlyForDeploymentPostprocessing = 0;
		};
/* End PBXFrameworksBuildPhase section */

/* Begin PBXGroup section */
		313E20D4230CFDC600935029 = {
			isa = PBXGroup;
			children = (
				313E20DF230CFDC600935029 /* Sets */,
				313E20F4230CFDC600935029 /* SetsTests */,
				313E20FF230CFDC600935029 /* SetsUITests */,
				313E20DE230CFDC600935029 /* Products */,
			);
			sourceTree = "<group>";
		};
		313E20DE230CFDC600935029 /* Products */ = {
			isa = PBXGroup;
			children = (
				313E20DD230CFDC600935029 /* Sets.app */,
				313E20F1230CFDC600935029 /* SetsTests.xctest */,
				313E20FC230CFDC600935029 /* SetsUITests.xctest */,
			);
			name = Products;
			sourceTree = "<group>";
		};
		313E20DF230CFDC600935029 /* Sets */ = {
			isa = PBXGroup;
			children = (
				313E20E0230CFDC600935029 /* AppDelegate.swift */,
				313E20E2230CFDC600935029 /* ViewController.swift */,
				313E20E4230CFDC600935029 /* Main.storyboard */,
				313E20E7230CFDC600935029 /* Assets.xcassets */,
				313E20E9230CFDC600935029 /* LaunchScreen.storyboard */,
				313E20EC230CFDC600935029 /* Info.plist */,
			);
			path = Sets;
			sourceTree = "<group>";
		};
		313E20F4230CFDC600935029 /* SetsTests */ = {
			isa = PBXGroup;
			children = (
				313E20F5230CFDC600935029 /* SetsTests.swift */,
				313E20F7230CFDC600935029 /* Info.plist */,
			);
			path = SetsTests;
			sourceTree = "<group>";
		};
		313E20FF230CFDC600935029 /* SetsUITests */ = {
			isa = PBXGroup;
			children = (
				313E2100230CFDC600935029 /* SetsUITests.swift */,
				313E2102230CFDC600935029 /* Info.plist */,
			);
			path = SetsUITests;
			sourceTree = "<group>";
		};
/* End PBXGroup section */

/* Begin PBXNativeTarget section */
		313E20DC230CFDC600935029 /* Sets */ = {
			isa = PBXNativeTarget;
			buildConfigurationList = 313E2105230CFDC600935029 /* Build configuration list for PBXNativeTarget "Sets" */;
			buildPhases = (
				313E20D9230CFDC600935029 /* Sources */,
				313E20DA230CFDC600935029 /* Frameworks */,
				313E20DB230CFDC600935029 /* Resources */,
			);
			buildRules = (
			);
			dependencies = (
			);
			name = Sets;
			productName = Sets;
			productReference = 313E20DD230CFDC600935029 /* Sets.app */;
			productType = "com.apple.product-type.application";
		};
		313E20F0230CFDC600935029 /* SetsTests */ = {
			isa = PBXNativeTarget;
			buildConfigurationList = 313E2108230CFDC600935029 /* Build configuration list for PBXNativeTarget "SetsTests" */;
			buildPhases = (
				313E20ED230CFDC600935029 /* Sources */,
				313E20EE230CFDC600935029 /* Frameworks */,
				313E20EF230CFDC600935029 /* Resources */,
			);
			buildRules = (
			);
			dependencies = (
				313E20F3230CFDC600935029 /* PBXTargetDependency */,
			);
			name = SetsTests;
			productName = SetsTests;
			productReference = 313E20F1230CFDC600935029 /* SetsTests.xctest */;
			productType = "com.apple.product-type.bundle.unit-test";
		};
		313E20FB230CFDC600935029 /* SetsUITests */ = {
			isa = PBXNativeTarget;
			buildConfigurationList = 313E210B230CFDC600935029 /* Build configuration list for PBXNativeTarget "SetsUITests" */;
			buildPhases = (
				313E20F8230CFDC600935029 /* Sources */,
				313E20F9230CFDC600935029 /* Frameworks */,
				313E20FA230CFDC600935029 /* Resources */,
			);
			buildRules = (
			);
			dependencies = (
				313E20FE230CFDC600935029 /* PBXTargetDependency */,
			);
			name = SetsUITests;
			productName = SetsUITests;
			productReference = 313E20FC230CFDC600935029 /* SetsUITests.xctest */;
			productType = "com.apple.product-type.bundle.ui-testing";
		};
/* End PBXNativeTarget section */

/* Begin PBXProject section */
		313E20D5230CFDC600935029 /* Project object */ = {
			isa = PBXProject;
			attributes = {
				LastSwiftUpdateCheck = 0920;
				LastUpgradeCheck = 0920;
				ORGANIZATIONNAME = "R Shantha Kumar";
				TargetAttributes = {
					313E20DC230CFDC600935029 = {
						CreatedOnToolsVersion = 9.2;
						ProvisioningStyle = Automatic;
					};
					313E20F0230CFDC600935029 = {
						CreatedOnToolsVersion = 9.2;
						ProvisioningStyle = Automatic;
						TestTargetID = 313E20DC230CFDC600935029;
					};
					313E20FB230CFDC600935029 = {
						CreatedOnToolsVersion = 9.2;
						ProvisioningStyle = Automatic;
						TestTargetID = 313E20DC230CFDC600935029;
					};
				};
			};
			buildConfigurationList = 313E20D8230CFDC600935029 /* Build configuration list for PBXProject "Sets" */;
			compatibilityVersion = "Xcode 8.0";
			developmentRegion = en;
			hasScannedForEncodings = 0;
			knownRegions = (
				en,
				Base,
			);
			mainGroup = 313E20D4230CFDC600935029;
			productRefGroup = 313E20DE230CFDC600935029 /* Products */;
			projectDirPath = "";
			projectRoot = "";
			targets = (
				313E20DC230CFDC600935029 /* Sets */,
				313E20F0230CFDC600935029 /* SetsTests */,
				313E20FB230CFDC600935029 /* SetsUITests */,
			);
		};
/* End PBXProject section */

/* Begin PBXResourcesBuildPhase section */
		313E20DB230CFDC600935029 /* Resources */ = {
			isa = PBXResourcesBuildPhase;
			buildActionMask = 2147483647;
			files = (
				313E20EB230CFDC600935029 /* LaunchScreen.storyboard in Resources */,
				313E20E8230CFDC600935029 /* Assets.xcassets in Resources */,
				313E20E6230CFDC600935029 /* Main.storyboard in Resources */,
			);
			runOnlyForDeploymentPostprocessing = 0;
		};
		313E20EF230CFDC600935029 /* Resources */ = {
			isa = PBXResourcesBuildPhase;
			buildActionMask = 2147483647;
			files = (
			);
			runOnlyForDeploymentPostprocessing = 0;
		};
		313E20FA230CFDC600935029 /* Resources */ = {
			isa = PBXResourcesBuildPhase;
			buildActionMask = 2147483647;
			files = (
			);
			runOnlyForDeploymentPostprocessing = 0;
		};
/* End PBXResourcesBuildPhase section */

/* Begin PBXSourcesBuildPhase section */
		313E20D9230CFDC600935029 /* Sources */ = {
			isa = PBXSourcesBuildPhase;
			buildActionMask = 2147483647;
			files = (
				313E20E3230CFDC600935029 /* ViewController.swift in Sources */,
				313E20E1230CFDC600935029 /* AppDelegate.swift in Sources */,
			);
			runOnlyForDeploymentPostprocessing = 0;
		};
		313E20ED230CFDC600935029 /* Sources */ = {
			isa = PBXSourcesBuildPhase;
			buildActionMask = 2147483647;
			files = (
				313E20F6230CFDC600935029 /* SetsTests.swift in Sources */,
			);
			runOnlyForDeploymentPostprocessing = 0;
		};
		313E20F8230CFDC600935029 /* Sources */ = {
			isa = PBXSourcesBuildPhase;
			buildActionMask = 2147483647;
			files = (
				313E2101230CFDC600935029 /* SetsUITests.swift in Sources */,
			);
			runOnlyForDeploymentPostprocessing = 0;
		};
/* End PBXSourcesBuildPhase section */

/* Begin PBXTargetDependency section */
		313E20F3230CFDC600935029 /* PBXTargetDependency */ = {
			isa = PBXTargetDependency;
			target = 313E20DC230CFDC600935029 /* Sets */;
			targetProxy = 313E20F2230CFDC600935029 /* PBXContainerItemProxy */;
		};
		313E20FE230CFDC600935029 /* PBXTargetDependency */ = {
			isa = PBXTargetDependency;
			target = 313E20DC230CFDC600935029 /* Sets */;
			targetProxy = 313E20FD230CFDC600935029 /* PBXContainerItemProxy */;
		};
/* End PBXTargetDependency section */

/* Begin PBXVariantGroup section */
		313E20E4230CFDC600935029 /* Main.storyboard */ = {
			isa = PBXVariantGroup;
			children = (
				313E20E5230CFDC600935029 /* Base */,
			);
			name = Main.storyboard;
			sourceTree = "<group>";
		};
		313E20E9230CFDC600935029 /* LaunchScreen.storyboard */ = {
			isa = PBXVariantGroup;
			children = (
				313E20EA230CFDC600935029 /* Base */,
			);
			name = LaunchScreen.storyboard;
			sourceTree = "<group>";
		};
/* End PBXVariantGroup section */

/* Begin XCBuildConfiguration section */
		313E2103230CFDC600935029 /* Debug */ = {
			isa = XCBuildConfiguration;
			buildSettings = {
				ALWAYS_SEARCH_USER_PATHS = NO;
				CLANG_ANALYZER_NONNULL = YES;
				CLANG_ANALYZER_NUMBER_OBJECT_CONVERSION = YES_AGGRESSIVE;
				CLANG_CXX_LANGUAGE_STANDARD = "gnu++14";
				CLANG_CXX_LIBRARY = "libc++";
				CLANG_ENABLE_MODULES = YES;
				CLANG_ENABLE_OBJC_ARC = YES;
				CLANG_WARN_BLOCK_CAPTURE_AUTORELEASING = YES;
				CLANG_WARN_BOOL_CONVERSION = YES;
				CLANG_WARN_COMMA = YES;
				CLANG_WARN_CONSTANT_CONVERSION = YES;
				CLANG_WARN_DIRECT_OBJC_ISA_USAGE = YES_ERROR;
				CLANG_WARN_DOCUMENTATION_COMMENTS = YES;
				CLANG_WARN_EMPTY_BODY = YES;
				CLANG_WARN_ENUM_CONVERSION = YES;
				CLANG_WARN_INFINITE_RECURSION = YES;
				CLANG_WARN_INT_CONVERSION = YES;
				CLANG_WARN_NON_LITERAL_NULL_CONVERSION = YES;
				CLANG_WARN_OBJC_LITERAL_CONVERSION = YES;
				CLANG_WARN_OBJC_ROOT_CLASS = YES_ERROR;
				CLANG_WARN_RANGE_LOOP_ANALYSIS = YES;
				CLANG_WARN_STRICT_PROTOTYPES = YES;
				CLANG_WARN_SUSPICIOUS_MOVE = YES;
				CLANG_WARN_UNGUARDED_AVAILABILITY = YES_AGGRESSIVE;
				CLANG_WARN_UNREACHABLE_CODE = YES;
				CLANG_WARN__DUPLICATE_METHOD_MATCH = YES;
				CODE_SIGN_IDENTITY = "iPhone Developer";
				COPY_PHASE_STRIP = NO;
				DEBUG_INFORMATION_FORMAT = dwarf;
				ENABLE_STRICT_OBJC_MSGSEND = YES;
				ENABLE_TESTABILITY = YES;
				GCC_C_LANGUAGE_STANDARD = gnu11;
				GCC_DYNAMIC_NO_PIC = NO;
				GCC_NO_COMMON_BLOCKS = YES;
				GCC_OPTIMIZATION_LEVEL = 0;
				GCC_PREPROCESSOR_DEFINITIONS = (
					"DEBUG=1",
					"$(inherited)",
				);
				GCC_WARN_64_TO_32_BIT_CONVERSION = YES;
				GCC_WARN_ABOUT_RETURN_TYPE = YES_ERROR;
				GCC_WARN_UNDECLARED_SELECTOR = YES;
				GCC_WARN_UNINITIALIZED_AUTOS = YES_AGGRESSIVE;
				GCC_WARN_UNUSED_FUNCTION = YES;
				GCC_WARN_UNUSED_VARIABLE = YES;
				IPHONEOS_DEPLOYMENT_TARGET = 11.2;
				MTL_ENABLE_DEBUG_INFO = YES;
				ONLY_ACTIVE_ARCH = YES;
				SDKROOT = iphoneos;
				SWIFT_ACTIVE_COMPILATION_CONDITIONS = DEBUG;
				SWIFT_OPTIMIZATION_LEVEL = "-Onone";
			};
			name = Debug;
		};
		313E2104230CFDC600935029 /* Release */ = {
			isa = XCBuildConfiguration;
			buildSettings = {
				ALWAYS_SEARCH_USER_PATHS = NO;
				CLANG_ANALYZER_NONNULL = YES;
				CLANG_ANALYZER_NUMBER_OBJECT_CONVERSION = YES_AGGRESSIVE;
				CLANG_CXX_LANGUAGE_STANDARD = "gnu++14";
				CLANG_CXX_LIBRARY = "libc++";
				CLANG_ENABLE_MODULES = YES;
				CLANG_ENABLE_OBJC_ARC = YES;
				CLANG_WARN_BLOCK_CAPTURE_AUTORELEASING = YES;
				CLANG_WARN_BOOL_CONVERSION = YES;
				CLANG_WARN_COMMA = YES;
				CLANG_WARN_CONSTANT_CONVERSION = YES;
				CLANG_WARN_DIRECT_OBJC_ISA_USAGE = YES_ERROR;
				CLANG_WARN_DOCUMENTATION_COMMENTS = YES;
				CLANG_WARN_EMPTY_BODY = YES;
				CLANG_WARN_ENUM_CONVERSION = YES;
				CLANG_WARN_INFINITE_RECURSION = YES;
				CLANG_WARN_INT_CONVERSION = YES;
				CLANG_WARN_NON_LITERAL_NULL_CONVERSION = YES;
				CLANG_WARN_OBJC_LITERAL_CONVERSION = YES;
				CLANG_WARN_OBJC_ROOT_CLASS = YES_ERROR;
				CLANG_WARN_RANGE_LOOP_ANALYSIS = YES;
				CLANG_WARN_STRICT_PROTOTYPES = YES;
				CLANG_WARN_SUSPICIOUS_MOVE = YES;
				CLANG_WARN_UNGUARDED_AVAILABILITY = YES_AGGRESSIVE;
				CLANG_WARN_UNREACHABLE_CODE = YES;
				CLANG_WARN__DUPLICATE_METHOD_MATCH = YES;
				CODE_SIGN_IDENTITY = "iPhone Developer";
				COPY_PHASE_STRIP = NO;
				DEBUG_INFORMATION_FORMAT = "dwarf-with-dsym";
				ENABLE_NS_ASSERTIONS = NO;
				ENABLE_STRICT_OBJC_MSGSEND = YES;
				GCC_C_LANGUAGE_STANDARD = gnu11;
				GCC_NO_COMMON_BLOCKS = YES;
				GCC_WARN_64_TO_32_BIT_CONVERSION = YES;
				GCC_WARN_ABOUT_RETURN_TYPE = YES_ERROR;
				GCC_WARN_UNDECLARED_SELECTOR = YES;
				GCC_WARN_UNINITIALIZED_AUTOS = YES_AGGRESSIVE;
				GCC_WARN_UNUSED_FUNCTION = YES;
				GCC_WARN_UNUSED_VARIABLE = YES;
				IPHONEOS_DEPLOYMENT_TARGET = 11.2;
				MTL_ENABLE_DEBUG_INFO = NO;
				SDKROOT = iphoneos;
				SWIFT_OPTIMIZATION_LEVEL = "-Owholemodule";
				VALIDATE_PRODUCT = YES;
			};
			name = Release;
		};
		313E2106230CFDC600935029 /* Debug */ = {
			isa = XCBuildConfiguration;
			buildSettings = {
				ASSETCATALOG_COMPILER_APPICON_NAME = AppIcon;
				CODE_SIGN_STYLE = Automatic;
				INFOPLIST_FILE = Sets/Info.plist;
				LD_RUNPATH_SEARCH_PATHS = "$(inherited) @executable_path/Frameworks";
				PRODUCT_BUNDLE_IDENTIFIER = shanth.Sets;
				PRODUCT_NAME = "$(TARGET_NAME)";
				SWIFT_VERSION = 4.0;
				TARGETED_DEVICE_FAMILY = "1,2";
			};
			name = Debug;
		};
		313E2107230CFDC600935029 /* Release */ = {
			isa = XCBuildConfiguration;
			buildSettings = {
				ASSETCATALOG_COMPILER_APPICON_NAME = AppIcon;
				CODE_SIGN_STYLE = Automatic;
				INFOPLIST_FILE = Sets/Info.plist;
				LD_RUNPATH_SEARCH_PATHS = "$(inherited) @executable_path/Frameworks";
				PRODUCT_BUNDLE_IDENTIFIER = shanth.Sets;
				PRODUCT_NAME = "$(TARGET_NAME)";
				SWIFT_VERSION = 4.0;
				TARGETED_DEVICE_FAMILY = "1,2";
			};
			name = Release;
		};
		313E2109230CFDC600935029 /* Debug */ = {
			isa = XCBuildConfiguration;
			buildSettings = {
				ALWAYS_EMBED_SWIFT_STANDARD_LIBRARIES = YES;
				BUNDLE_LOADER = "$(TEST_HOST)";
				CODE_SIGN_STYLE = Automatic;
				INFOPLIST_FILE = SetsTests/Info.plist;
				LD_RUNPATH_SEARCH_PATHS = "$(inherited) @executable_path/Frameworks @loader_path/Frameworks";
				PRODUCT_BUNDLE_IDENTIFIER = shanth.SetsTests;
				PRODUCT_NAME = "$(TARGET_NAME)";
				SWIFT_VERSION = 4.0;
				TARGETED_DEVICE_FAMILY = "1,2";
				TEST_HOST = "$(BUILT_PRODUCTS_DIR)/Sets.app/Sets";
			};
			name = Debug;
		};
		313E210A230CFDC600935029 /* Release */ = {
			isa = XCBuildConfiguration;
			buildSettings = {
				ALWAYS_EMBED_SWIFT_STANDARD_LIBRARIES = YES;
				BUNDLE_LOADER = "$(TEST_HOST)";
				CODE_SIGN_STYLE = Automatic;
				INFOPLIST_FILE = SetsTests/Info.plist;
				LD_RUNPATH_SEARCH_PATHS = "$(inherited) @executable_path/Frameworks @loader_path/Frameworks";
				PRODUCT_BUNDLE_IDENTIFIER = shanth.SetsTests;
				PRODUCT_NAME = "$(TARGET_NAME)";
				SWIFT_VERSION = 4.0;
				TARGETED_DEVICE_FAMILY = "1,2";
				TEST_HOST = "$(BUILT_PRODUCTS_DIR)/Sets.app/Sets";
			};
			name = Release;
		};
		313E210C230CFDC600935029 /* Debug */ = {
			isa = XCBuildConfiguration;
			buildSettings = {
				ALWAYS_EMBED_SWIFT_STANDARD_LIBRARIES = YES;
				CODE_SIGN_STYLE = Automatic;
				INFOPLIST_FILE = SetsUITests/Info.plist;
				LD_RUNPATH_SEARCH_PATHS = "$(inherited) @executable_path/Frameworks @loader_path/Frameworks";
				PRODUCT_BUNDLE_IDENTIFIER = shanth.SetsUITests;
				PRODUCT_NAME = "$(TARGET_NAME)";
				SWIFT_VERSION = 4.0;
				TARGETED_DEVICE_FAMILY = "1,2";
				TEST_TARGET_NAME = Sets;
			};
			name = Debug;
		};
		313E210D230CFDC600935029 /* Release */ = {
			isa = XCBuildConfiguration;
			buildSettings = {
				ALWAYS_EMBED_SWIFT_STANDARD_LIBRARIES = YES;
				CODE_SIGN_STYLE = Automatic;
				INFOPLIST_FILE = SetsUITests/Info.plist;
				LD_RUNPATH_SEARCH_PATHS = "$(inherited) @executable_path/Frameworks @loader_path/Frameworks";
				PRODUCT_BUNDLE_IDENTIFIER = shanth.SetsUITests;
				PRODUCT_NAME = "$(TARGET_NAME)";
				SWIFT_VERSION = 4.0;
				TARGETED_DEVICE_FAMILY = "1,2";
				TEST_TARGET_NAME = Sets;
			};
			name = Release;
		};
/* End XCBuildConfiguration section */

/* Begin XCConfigurationList section */
		313E20D8230CFDC600935029 /* Build configuration list for PBXProject "Sets" */ = {
			isa = XCConfigurationList;
			buildConfigurations = (
				313E2103230CFDC600935029 /* Debug */,
				313E2104230CFDC600935029 /* Release */,
			);
			defaultConfigurationIsVisible = 0;
			defaultConfigurationName = Release;
		};
		313E2105230CFDC600935029 /* Build configuration list for PBXNativeTarget "Sets" */ = {
			isa = XCConfigurationList;
			buildConfigurations = (
				313E2106230CFDC600935029 /* Debug */,
				313E2107230CFDC600935029 /* Release */,
			);
			defaultConfigurationIsVisible = 0;
			defaultConfigurationName = Release;
		};
		313E2108230CFDC600935029 /* Build configuration list for PBXNativeTarget "SetsTests" */ = {
			isa = XCConfigurationList;
			buildConfigurations = (
				313E2109230CFDC600935029 /* Debug */,
				313E210A230CFDC600935029 /* Release */,
			);
			defaultConfigurationIsVisible = 0;
			defaultConfigurationName = Release;
		};
		313E210B230CFDC600935029 /* Build configuration list for PBXNativeTarget "SetsUITests" */ = {
			isa = XCConfigurationList;
			buildConfigurations = (
				313E210C230CFDC600935029 /* Debug */,
				313E210D230CFDC600935029 /* Release */,
			);
			defaultConfigurationIsVisible = 0;
			defaultConfigurationName = Release;
		};
/* End XCConfigurationList section */
	};
	rootObject = 313E20D5230CFDC600935029 /* Project object */;
}
